// !$*UTF8*$!
{
	archiveVersion = 1;
	classes = {
	};
	objectVersion = 56;
	objects = {

/* Begin PBXBuildFile section */
		771B18202C76A0A700AB9936 /* CallSMSBlockApp.swift in Sources */ = {isa = PBXBuildFile; fileRef = 771B181F2C76A0A700AB9936 /* CallSMSBlockApp.swift */; };
		771B18222C76A0A700AB9936 /* ContentView.swift in Sources */ = {isa = PBXBuildFile; fileRef = 771B18212C76A0A700AB9936 /* ContentView.swift */; };
		771B18242C76A0A800AB9936 /* Assets.xcassets in Resources */ = {isa = PBXBuildFile; fileRef = 771B18232C76A0A800AB9936 /* Assets.xcassets */; };
		771B18272C76A0A800AB9936 /* Preview Assets.xcassets in Resources */ = {isa = PBXBuildFile; fileRef = 771B18262C76A0A800AB9936 /* Preview Assets.xcassets */; };
		771B18312C76A0A800AB9936 /* CallSMSBlockTests.swift in Sources */ = {isa = PBXBuildFile; fileRef = 771B18302C76A0A800AB9936 /* CallSMSBlockTests.swift */; };
		771B183B2C76A0A800AB9936 /* CallSMSBlockUITests.swift in Sources */ = {isa = PBXBuildFile; fileRef = 771B183A2C76A0A800AB9936 /* CallSMSBlockUITests.swift */; };
		771B183D2C76A0A800AB9936 /* CallSMSBlockUITestsLaunchTests.swift in Sources */ = {isa = PBXBuildFile; fileRef = 771B183C2C76A0A800AB9936 /* CallSMSBlockUITestsLaunchTests.swift */; };
		771B18502C76A16C00AB9936 /* CallDirectoryHandler.swift in Sources */ = {isa = PBXBuildFile; fileRef = 771B184F2C76A16C00AB9936 /* CallDirectoryHandler.swift */; };
		771B18542C76A16C00AB9936 /* CallDirectory.appex in Embed Foundation Extensions */ = {isa = PBXBuildFile; fileRef = 771B184D2C76A16C00AB9936 /* CallDirectory.appex */; settings = {ATTRIBUTES = (RemoveHeadersOnCopy, ); }; };
		771B185A2C76A4FC00AB9936 /* AppDelegate.swift in Sources */ = {isa = PBXBuildFile; fileRef = 771B18592C76A4FC00AB9936 /* AppDelegate.swift */; };
/* End PBXBuildFile section */

/* Begin PBXContainerItemProxy section */
		771B182D2C76A0A800AB9936 /* PBXContainerItemProxy */ = {
			isa = PBXContainerItemProxy;
			containerPortal = 771B18142C76A0A700AB9936 /* Project object */;
			proxyType = 1;
			remoteGlobalIDString = 771B181B2C76A0A700AB9936;
			remoteInfo = CallSMSBlock;
		};
		771B18372C76A0A800AB9936 /* PBXContainerItemProxy */ = {
			isa = PBXContainerItemProxy;
			containerPortal = 771B18142C76A0A700AB9936 /* Project object */;
			proxyType = 1;
			remoteGlobalIDString = 771B181B2C76A0A700AB9936;
			remoteInfo = CallSMSBlock;
		};
		771B18522C76A16C00AB9936 /* PBXContainerItemProxy */ = {
			isa = PBXContainerItemProxy;
			containerPortal = 771B18142C76A0A700AB9936 /* Project object */;
			proxyType = 1;
			remoteGlobalIDString = 771B184C2C76A16C00AB9936;
			remoteInfo = CallDirectory;
		};
/* End PBXContainerItemProxy section */

/* Begin PBXCopyFilesBuildPhase section */
		771B18582C76A16C00AB9936 /* Embed Foundation Extensions */ = {
			isa = PBXCopyFilesBuildPhase;
			buildActionMask = 2147483647;
			dstPath = "";
			dstSubfolderSpec = 13;
			files = (
				771B18542C76A16C00AB9936 /* CallDirectory.appex in Embed Foundation Extensions */,
			);
			name = "Embed Foundation Extensions";
			runOnlyForDeploymentPostprocessing = 0;
		};
/* End PBXCopyFilesBuildPhase section */

/* Begin PBXFileReference section */
		771B181C2C76A0A700AB9936 /* CallSMSBlock.app */ = {isa = PBXFileReference; explicitFileType = wrapper.application; includeInIndex = 0; path = CallSMSBlock.app; sourceTree = BUILT_PRODUCTS_DIR; };
		771B181F2C76A0A700AB9936 /* CallSMSBlockApp.swift */ = {isa = PBXFileReference; lastKnownFileType = sourcecode.swift; path = CallSMSBlockApp.swift; sourceTree = "<group>"; };
		771B18212C76A0A700AB9936 /* ContentView.swift */ = {isa = PBXFileReference; lastKnownFileType = sourcecode.swift; path = ContentView.swift; sourceTree = "<group>"; };
		771B18232C76A0A800AB9936 /* Assets.xcassets */ = {isa = PBXFileReference; lastKnownFileType = folder.assetcatalog; path = Assets.xcassets; sourceTree = "<group>"; };
		771B18262C76A0A800AB9936 /* Preview Assets.xcassets */ = {isa = PBXFileReference; lastKnownFileType = folder.assetcatalog; path = "Preview Assets.xcassets"; sourceTree = "<group>"; };
		771B182C2C76A0A800AB9936 /* CallSMSBlockTests.xctest */ = {isa = PBXFileReference; explicitFileType = wrapper.cfbundle; includeInIndex = 0; path = CallSMSBlockTests.xctest; sourceTree = BUILT_PRODUCTS_DIR; };
		771B18302C76A0A800AB9936 /* CallSMSBlockTests.swift */ = {isa = PBXFileReference; lastKnownFileType = sourcecode.swift; path = CallSMSBlockTests.swift; sourceTree = "<group>"; };
		771B18362C76A0A800AB9936 /* CallSMSBlockUITests.xctest */ = {isa = PBXFileReference; explicitFileType = wrapper.cfbundle; includeInIndex = 0; path = CallSMSBlockUITests.xctest; sourceTree = BUILT_PRODUCTS_DIR; };
		771B183A2C76A0A800AB9936 /* CallSMSBlockUITests.swift */ = {isa = PBXFileReference; lastKnownFileType = sourcecode.swift; path = CallSMSBlockUITests.swift; sourceTree = "<group>"; };
		771B183C2C76A0A800AB9936 /* CallSMSBlockUITestsLaunchTests.swift */ = {isa = PBXFileReference; lastKnownFileType = sourcecode.swift; path = CallSMSBlockUITestsLaunchTests.swift; sourceTree = "<group>"; };
		771B184D2C76A16C00AB9936 /* CallDirectory.appex */ = {isa = PBXFileReference; explicitFileType = "wrapper.app-extension"; includeInIndex = 0; path = CallDirectory.appex; sourceTree = BUILT_PRODUCTS_DIR; };
		771B184F2C76A16C00AB9936 /* CallDirectoryHandler.swift */ = {isa = PBXFileReference; lastKnownFileType = sourcecode.swift; path = CallDirectoryHandler.swift; sourceTree = "<group>"; };
		771B18512C76A16C00AB9936 /* Info.plist */ = {isa = PBXFileReference; lastKnownFileType = text.plist.xml; path = Info.plist; sourceTree = "<group>"; };
		771B18592C76A4FC00AB9936 /* AppDelegate.swift */ = {isa = PBXFileReference; lastKnownFileType = sourcecode.swift; path = AppDelegate.swift; sourceTree = "<group>"; };
		771B185B2C76ADC600AB9936 /* Info.plist */ = {isa = PBXFileReference; lastKnownFileType = text.plist; path = Info.plist; sourceTree = "<group>"; };
/* End PBXFileReference section */

/* Begin PBXFrameworksBuildPhase section */
		771B18192C76A0A700AB9936 /* Frameworks */ = {
			isa = PBXFrameworksBuildPhase;
			buildActionMask = 2147483647;
			files = (
			);
			runOnlyForDeploymentPostprocessing = 0;
		};
		771B18292C76A0A800AB9936 /* Frameworks */ = {
			isa = PBXFrameworksBuildPhase;
			buildActionMask = 2147483647;
			files = (
			);
			runOnlyForDeploymentPostprocessing = 0;
		};
		771B18332C76A0A800AB9936 /* Frameworks */ = {
			isa = PBXFrameworksBuildPhase;
			buildActionMask = 2147483647;
			files = (
			);
			runOnlyForDeploymentPostprocessing = 0;
		};
		771B184A2C76A16C00AB9936 /* Frameworks */ = {
			isa = PBXFrameworksBuildPhase;
			buildActionMask = 2147483647;
			files = (
			);
			runOnlyForDeploymentPostprocessing = 0;
		};
/* End PBXFrameworksBuildPhase section */

/* Begin PBXGroup section */
		771B18132C76A0A700AB9936 = {
			isa = PBXGroup;
			children = (
				771B181E2C76A0A700AB9936 /* CallSMSBlock */,
				771B182F2C76A0A800AB9936 /* CallSMSBlockTests */,
				771B18392C76A0A800AB9936 /* CallSMSBlockUITests */,
				771B184E2C76A16C00AB9936 /* CallDirectory */,
				771B181D2C76A0A700AB9936 /* Products */,
			);
			sourceTree = "<group>";
		};
		771B181D2C76A0A700AB9936 /* Products */ = {
			isa = PBXGroup;
			children = (
				771B181C2C76A0A700AB9936 /* CallSMSBlock.app */,
				771B182C2C76A0A800AB9936 /* CallSMSBlockTests.xctest */,
				771B18362C76A0A800AB9936 /* CallSMSBlockUITests.xctest */,
				771B184D2C76A16C00AB9936 /* CallDirectory.appex */,
			);
			name = Products;
			sourceTree = "<group>";
		};
		771B181E2C76A0A700AB9936 /* CallSMSBlock */ = {
			isa = PBXGroup;
			children = (
				771B185B2C76ADC600AB9936 /* Info.plist */,
				771B18592C76A4FC00AB9936 /* AppDelegate.swift */,
				771B181F2C76A0A700AB9936 /* CallSMSBlockApp.swift */,
				771B18212C76A0A700AB9936 /* ContentView.swift */,
				771B18232C76A0A800AB9936 /* Assets.xcassets */,
				771B18252C76A0A800AB9936 /* Preview Content */,
			);
			path = CallSMSBlock;
			sourceTree = "<group>";
		};
		771B18252C76A0A800AB9936 /* Preview Content */ = {
			isa = PBXGroup;
			children = (
				771B18262C76A0A800AB9936 /* Preview Assets.xcassets */,
			);
			path = "Preview Content";
			sourceTree = "<group>";
		};
		771B182F2C76A0A800AB9936 /* CallSMSBlockTests */ = {
			isa = PBXGroup;
			children = (
				771B18302C76A0A800AB9936 /* CallSMSBlockTests.swift */,
			);
			path = CallSMSBlockTests;
			sourceTree = "<group>";
		};
		771B18392C76A0A800AB9936 /* CallSMSBlockUITests */ = {
			isa = PBXGroup;
			children = (
				771B183A2C76A0A800AB9936 /* CallSMSBlockUITests.swift */,
				771B183C2C76A0A800AB9936 /* CallSMSBlockUITestsLaunchTests.swift */,
			);
			path = CallSMSBlockUITests;
			sourceTree = "<group>";
		};
		771B184E2C76A16C00AB9936 /* CallDirectory */ = {
			isa = PBXGroup;
			children = (
				771B184F2C76A16C00AB9936 /* CallDirectoryHandler.swift */,
				771B18512C76A16C00AB9936 /* Info.plist */,
			);
			path = CallDirectory;
			sourceTree = "<group>";
		};
/* End PBXGroup section */

/* Begin PBXNativeTarget section */
		771B181B2C76A0A700AB9936 /* CallSMSBlock */ = {
			isa = PBXNativeTarget;
			buildConfigurationList = 771B18402C76A0A800AB9936 /* Build configuration list for PBXNativeTarget "CallSMSBlock" */;
			buildPhases = (
				771B18182C76A0A700AB9936 /* Sources */,
				771B18192C76A0A700AB9936 /* Frameworks */,
				771B181A2C76A0A700AB9936 /* Resources */,
				771B18582C76A16C00AB9936 /* Embed Foundation Extensions */,
			);
			buildRules = (
			);
			dependencies = (
				771B18532C76A16C00AB9936 /* PBXTargetDependency */,
			);
			name = CallSMSBlock;
			productName = CallSMSBlock;
			productReference = 771B181C2C76A0A700AB9936 /* CallSMSBlock.app */;
			productType = "com.apple.product-type.application";
		};
		771B182B2C76A0A800AB9936 /* CallSMSBlockTests */ = {
			isa = PBXNativeTarget;
			buildConfigurationList = 771B18432C76A0A800AB9936 /* Build configuration list for PBXNativeTarget "CallSMSBlockTests" */;
			buildPhases = (
				771B18282C76A0A800AB9936 /* Sources */,
				771B18292C76A0A800AB9936 /* Frameworks */,
				771B182A2C76A0A800AB9936 /* Resources */,
			);
			buildRules = (
			);
			dependencies = (
				771B182E2C76A0A800AB9936 /* PBXTargetDependency */,
			);
			name = CallSMSBlockTests;
			productName = CallSMSBlockTests;
			productReference = 771B182C2C76A0A800AB9936 /* CallSMSBlockTests.xctest */;
			productType = "com.apple.product-type.bundle.unit-test";
		};
		771B18352C76A0A800AB9936 /* CallSMSBlockUITests */ = {
			isa = PBXNativeTarget;
			buildConfigurationList = 771B18462C76A0A800AB9936 /* Build configuration list for PBXNativeTarget "CallSMSBlockUITests" */;
			buildPhases = (
				771B18322C76A0A800AB9936 /* Sources */,
				771B18332C76A0A800AB9936 /* Frameworks */,
				771B18342C76A0A800AB9936 /* Resources */,
			);
			buildRules = (
			);
			dependencies = (
				771B18382C76A0A800AB9936 /* PBXTargetDependency */,
			);
			name = CallSMSBlockUITests;
			productName = CallSMSBlockUITests;
			productReference = 771B18362C76A0A800AB9936 /* CallSMSBlockUITests.xctest */;
			productType = "com.apple.product-type.bundle.ui-testing";
		};
		771B184C2C76A16C00AB9936 /* CallDirectory */ = {
			isa = PBXNativeTarget;
			buildConfigurationList = 771B18552C76A16C00AB9936 /* Build configuration list for PBXNativeTarget "CallDirectory" */;
			buildPhases = (
				771B18492C76A16C00AB9936 /* Sources */,
				771B184A2C76A16C00AB9936 /* Frameworks */,
				771B184B2C76A16C00AB9936 /* Resources */,
			);
			buildRules = (
			);
			dependencies = (
			);
			name = CallDirectory;
			productName = CallDirectory;
			productReference = 771B184D2C76A16C00AB9936 /* CallDirectory.appex */;
			productType = "com.apple.product-type.app-extension";
		};
/* End PBXNativeTarget section */

/* Begin PBXProject section */
		771B18142C76A0A700AB9936 /* Project object */ = {
			isa = PBXProject;
			attributes = {
				BuildIndependentTargetsInParallel = 1;
				LastSwiftUpdateCheck = 1520;
				LastUpgradeCheck = 1520;
				TargetAttributes = {
					771B181B2C76A0A700AB9936 = {
						CreatedOnToolsVersion = 15.2;
					};
					771B182B2C76A0A800AB9936 = {
						CreatedOnToolsVersion = 15.2;
						TestTargetID = 771B181B2C76A0A700AB9936;
					};
					771B18352C76A0A800AB9936 = {
						CreatedOnToolsVersion = 15.2;
						TestTargetID = 771B181B2C76A0A700AB9936;
					};
					771B184C2C76A16C00AB9936 = {
						CreatedOnToolsVersion = 15.2;
					};
				};
			};
			buildConfigurationList = 771B18172C76A0A700AB9936 /* Build configuration list for PBXProject "CallSMSBlock" */;
			compatibilityVersion = "Xcode 14.0";
			developmentRegion = en;
			hasScannedForEncodings = 0;
			knownRegions = (
				en,
				Base,
			);
			mainGroup = 771B18132C76A0A700AB9936;
			productRefGroup = 771B181D2C76A0A700AB9936 /* Products */;
			projectDirPath = "";
			projectRoot = "";
			targets = (
				771B181B2C76A0A700AB9936 /* CallSMSBlock */,
				771B182B2C76A0A800AB9936 /* CallSMSBlockTests */,
				771B18352C76A0A800AB9936 /* CallSMSBlockUITests */,
				771B184C2C76A16C00AB9936 /* CallDirectory */,
			);
		};
/* End PBXProject section */

/* Begin PBXResourcesBuildPhase section */
		771B181A2C76A0A700AB9936 /* Resources */ = {
			isa = PBXResourcesBuildPhase;
			buildActionMask = 2147483647;
			files = (
				771B18272C76A0A800AB9936 /* Preview Assets.xcassets in Resources */,
				771B18242C76A0A800AB9936 /* Assets.xcassets in Resources */,
			);
			runOnlyForDeploymentPostprocessing = 0;
		};
		771B182A2C76A0A800AB9936 /* Resources */ = {
			isa = PBXResourcesBuildPhase;
			buildActionMask = 2147483647;
			files = (
			);
			runOnlyForDeploymentPostprocessing = 0;
		};
		771B18342C76A0A800AB9936 /* Resources */ = {
			isa = PBXResourcesBuildPhase;
			buildActionMask = 2147483647;
			files = (
			);
			runOnlyForDeploymentPostprocessing = 0;
		};
		771B184B2C76A16C00AB9936 /* Resources */ = {
			isa = PBXResourcesBuildPhase;
			buildActionMask = 2147483647;
			files = (
			);
			runOnlyForDeploymentPostprocessing = 0;
		};
/* End PBXResourcesBuildPhase section */

/* Begin PBXSourcesBuildPhase section */
		771B18182C76A0A700AB9936 /* Sources */ = {
			isa = PBXSourcesBuildPhase;
			buildActionMask = 2147483647;
			files = (
				771B185A2C76A4FC00AB9936 /* AppDelegate.swift in Sources */,
				771B18222C76A0A700AB9936 /* ContentView.swift in Sources */,
				771B18202C76A0A700AB9936 /* CallSMSBlockApp.swift in Sources */,
			);
			runOnlyForDeploymentPostprocessing = 0;
		};
		771B18282C76A0A800AB9936 /* Sources */ = {
			isa = PBXSourcesBuildPhase;
			buildActionMask = 2147483647;
			files = (
				771B18312C76A0A800AB9936 /* CallSMSBlockTests.swift in Sources */,
			);
			runOnlyForDeploymentPostprocessing = 0;
		};
		771B18322C76A0A800AB9936 /* Sources */ = {
			isa = PBXSourcesBuildPhase;
			buildActionMask = 2147483647;
			files = (
				771B183D2C76A0A800AB9936 /* CallSMSBlockUITestsLaunchTests.swift in Sources */,
				771B183B2C76A0A800AB9936 /* CallSMSBlockUITests.swift in Sources */,
			);
			runOnlyForDeploymentPostprocessing = 0;
		};
		771B18492C76A16C00AB9936 /* Sources */ = {
			isa = PBXSourcesBuildPhase;
			buildActionMask = 2147483647;
			files = (
				771B18502C76A16C00AB9936 /* CallDirectoryHandler.swift in Sources */,
			);
			runOnlyForDeploymentPostprocessing = 0;
		};
/* End PBXSourcesBuildPhase section */

/* Begin PBXTargetDependency section */
		771B182E2C76A0A800AB9936 /* PBXTargetDependency */ = {
			isa = PBXTargetDependency;
			target = 771B181B2C76A0A700AB9936 /* CallSMSBlock */;
			targetProxy = 771B182D2C76A0A800AB9936 /* PBXContainerItemProxy */;
		};
		771B18382C76A0A800AB9936 /* PBXTargetDependency */ = {
			isa = PBXTargetDependency;
			target = 771B181B2C76A0A700AB9936 /* CallSMSBlock */;
			targetProxy = 771B18372C76A0A800AB9936 /* PBXContainerItemProxy */;
		};
		771B18532C76A16C00AB9936 /* PBXTargetDependency */ = {
			isa = PBXTargetDependency;
			target = 771B184C2C76A16C00AB9936 /* CallDirectory */;
			targetProxy = 771B18522C76A16C00AB9936 /* PBXContainerItemProxy */;
		};
/* End PBXTargetDependency section */

/* Begin XCBuildConfiguration section */
		771B183E2C76A0A800AB9936 /* Debug */ = {
			isa = XCBuildConfiguration;
			buildSettings = {
				ALWAYS_SEARCH_USER_PATHS = NO;
				ASSETCATALOG_COMPILER_GENERATE_SWIFT_ASSET_SYMBOL_EXTENSIONS = YES;
				CLANG_ANALYZER_NONNULL = YES;
				CLANG_ANALYZER_NUMBER_OBJECT_CONVERSION = YES_AGGRESSIVE;
				CLANG_CXX_LANGUAGE_STANDARD = "gnu++20";
				CLANG_ENABLE_MODULES = YES;
				CLANG_ENABLE_OBJC_ARC = YES;
				CLANG_ENABLE_OBJC_WEAK = YES;
				CLANG_WARN_BLOCK_CAPTURE_AUTORELEASING = YES;
				CLANG_WARN_BOOL_CONVERSION = YES;
				CLANG_WARN_COMMA = YES;
				CLANG_WARN_CONSTANT_CONVERSION = YES;
				CLANG_WARN_DEPRECATED_OBJC_IMPLEMENTATIONS = YES;
				CLANG_WARN_DIRECT_OBJC_ISA_USAGE = YES_ERROR;
				CLANG_WARN_DOCUMENTATION_COMMENTS = YES;
				CLANG_WARN_EMPTY_BODY = YES;
				CLANG_WARN_ENUM_CONVERSION = YES;
				CLANG_WARN_INFINITE_RECURSION = YES;
				CLANG_WARN_INT_CONVERSION = YES;
				CLANG_WARN_NON_LITERAL_NULL_CONVERSION = YES;
				CLANG_WARN_OBJC_IMPLICIT_RETAIN_SELF = YES;
				CLANG_WARN_OBJC_LITERAL_CONVERSION = YES;
				CLANG_WARN_OBJC_ROOT_CLASS = YES_ERROR;
				CLANG_WARN_QUOTED_INCLUDE_IN_FRAMEWORK_HEADER = YES;
				CLANG_WARN_RANGE_LOOP_ANALYSIS = YES;
				CLANG_WARN_STRICT_PROTOTYPES = YES;
				CLANG_WARN_SUSPICIOUS_MOVE = YES;
				CLANG_WARN_UNGUARDED_AVAILABILITY = YES_AGGRESSIVE;
				CLANG_WARN_UNREACHABLE_CODE = YES;
				CLANG_WARN__DUPLICATE_METHOD_MATCH = YES;
				COPY_PHASE_STRIP = NO;
				DEBUG_INFORMATION_FORMAT = dwarf;
				ENABLE_STRICT_OBJC_MSGSEND = YES;
				ENABLE_TESTABILITY = YES;
				ENABLE_USER_SCRIPT_SANDBOXING = YES;
				GCC_C_LANGUAGE_STANDARD = gnu17;
				GCC_DYNAMIC_NO_PIC = NO;
				GCC_NO_COMMON_BLOCKS = YES;
				GCC_OPTIMIZATION_LEVEL = 0;
				GCC_PREPROCESSOR_DEFINITIONS = (
					"DEBUG=1",
					"$(inherited)",
				);
				GCC_WARN_64_TO_32_BIT_CONVERSION = YES;
				GCC_WARN_ABOUT_RETURN_TYPE = YES_ERROR;
				GCC_WARN_UNDECLARED_SELECTOR = YES;
				GCC_WARN_UNINITIALIZED_AUTOS = YES_AGGRESSIVE;
				GCC_WARN_UNUSED_FUNCTION = YES;
				GCC_WARN_UNUSED_VARIABLE = YES;
				IPHONEOS_DEPLOYMENT_TARGET = 16.6;
				LOCALIZATION_PREFERS_STRING_CATALOGS = YES;
				MTL_ENABLE_DEBUG_INFO = INCLUDE_SOURCE;
				MTL_FAST_MATH = YES;
				ONLY_ACTIVE_ARCH = YES;
				SDKROOT = iphoneos;
				SWIFT_ACTIVE_COMPILATION_CONDITIONS = "DEBUG $(inherited)";
				SWIFT_OPTIMIZATION_LEVEL = "-Onone";
			};
			name = Debug;
		};
		771B183F2C76A0A800AB9936 /* Release */ = {
			isa = XCBuildConfiguration;
			buildSettings = {
				ALWAYS_SEARCH_USER_PATHS = NO;
				ASSETCATALOG_COMPILER_GENERATE_SWIFT_ASSET_SYMBOL_EXTENSIONS = YES;
				CLANG_ANALYZER_NONNULL = YES;
				CLANG_ANALYZER_NUMBER_OBJECT_CONVERSION = YES_AGGRESSIVE;
				CLANG_CXX_LANGUAGE_STANDARD = "gnu++20";
				CLANG_ENABLE_MODULES = YES;
				CLANG_ENABLE_OBJC_ARC = YES;
				CLANG_ENABLE_OBJC_WEAK = YES;
				CLANG_WARN_BLOCK_CAPTURE_AUTORELEASING = YES;
				CLANG_WARN_BOOL_CONVERSION = YES;
				CLANG_WARN_COMMA = YES;
				CLANG_WARN_CONSTANT_CONVERSION = YES;
				CLANG_WARN_DEPRECATED_OBJC_IMPLEMENTATIONS = YES;
				CLANG_WARN_DIRECT_OBJC_ISA_USAGE = YES_ERROR;
				CLANG_WARN_DOCUMENTATION_COMMENTS = YES;
				CLANG_WARN_EMPTY_BODY = YES;
				CLANG_WARN_ENUM_CONVERSION = YES;
				CLANG_WARN_INFINITE_RECURSION = YES;
				CLANG_WARN_INT_CONVERSION = YES;
				CLANG_WARN_NON_LITERAL_NULL_CONVERSION = YES;
				CLANG_WARN_OBJC_IMPLICIT_RETAIN_SELF = YES;
				CLANG_WARN_OBJC_LITERAL_CONVERSION = YES;
				CLANG_WARN_OBJC_ROOT_CLASS = YES_ERROR;
				CLANG_WARN_QUOTED_INCLUDE_IN_FRAMEWORK_HEADER = YES;
				CLANG_WARN_RANGE_LOOP_ANALYSIS = YES;
				CLANG_WARN_STRICT_PROTOTYPES = YES;
				CLANG_WARN_SUSPICIOUS_MOVE = YES;
				CLANG_WARN_UNGUARDED_AVAILABILITY = YES_AGGRESSIVE;
				CLANG_WARN_UNREACHABLE_CODE = YES;
				CLANG_WARN__DUPLICATE_METHOD_MATCH = YES;
				COPY_PHASE_STRIP = NO;
				DEBUG_INFORMATION_FORMAT = "dwarf-with-dsym";
				ENABLE_NS_ASSERTIONS = NO;
				ENABLE_STRICT_OBJC_MSGSEND = YES;
				ENABLE_USER_SCRIPT_SANDBOXING = YES;
				GCC_C_LANGUAGE_STANDARD = gnu17;
				GCC_NO_COMMON_BLOCKS = YES;
				GCC_WARN_64_TO_32_BIT_CONVERSION = YES;
				GCC_WARN_ABOUT_RETURN_TYPE = YES_ERROR;
				GCC_WARN_UNDECLARED_SELECTOR = YES;
				GCC_WARN_UNINITIALIZED_AUTOS = YES_AGGRESSIVE;
				GCC_WARN_UNUSED_FUNCTION = YES;
				GCC_WARN_UNUSED_VARIABLE = YES;
				IPHONEOS_DEPLOYMENT_TARGET = 16.6;
				LOCALIZATION_PREFERS_STRING_CATALOGS = YES;
				MTL_ENABLE_DEBUG_INFO = NO;
				MTL_FAST_MATH = YES;
				SDKROOT = iphoneos;
				SWIFT_COMPILATION_MODE = wholemodule;
				VALIDATE_PRODUCT = YES;
			};
			name = Release;
		};
		771B18412C76A0A800AB9936 /* Debug */ = {
			isa = XCBuildConfiguration;
			buildSettings = {
				ALWAYS_EMBED_SWIFT_STANDARD_LIBRARIES = YES;
				ASSETCATALOG_COMPILER_APPICON_NAME = AppIcon;
				ASSETCATALOG_COMPILER_GLOBAL_ACCENT_COLOR_NAME = AccentColor;
				CODE_SIGN_STYLE = Automatic;
				CURRENT_PROJECT_VERSION = 1;
				DEVELOPMENT_ASSET_PATHS = "\"CallSMSBlock/Preview Content\"";
				DEVELOPMENT_TEAM = NT29W92MQ3;
				ENABLE_PREVIEWS = YES;
				GENERATE_INFOPLIST_FILE = YES;
				INFOPLIST_FILE = CallSMSBlock/Info.plist;
				INFOPLIST_KEY_UIApplicationSceneManifest_Generation = YES;
				INFOPLIST_KEY_UIApplicationSupportsIndirectInputEvents = YES;
				INFOPLIST_KEY_UILaunchScreen_Generation = YES;
				INFOPLIST_KEY_UISupportedInterfaceOrientations_iPad = "UIInterfaceOrientationPortrait UIInterfaceOrientationPortraitUpsideDown UIInterfaceOrientationLandscapeLeft UIInterfaceOrientationLandscapeRight";
				INFOPLIST_KEY_UISupportedInterfaceOrientations_iPhone = "UIInterfaceOrientationPortrait UIInterfaceOrientationLandscapeLeft UIInterfaceOrientationLandscapeRight";
				IPHONEOS_DEPLOYMENT_TARGET = 15.6;
				LD_RUNPATH_SEARCH_PATHS = (
					"$(inherited)",
					"@executable_path/Frameworks",
				);
				MARKETING_VERSION = 1.0;
				PRODUCT_BUNDLE_IDENTIFIER = br.com.test.call.block.CallSMSBlock;
				PRODUCT_NAME = "$(TARGET_NAME)";
				SUPPORTED_PLATFORMS = "iphoneos iphonesimulator";
				SUPPORTS_MACCATALYST = NO;
				SWIFT_EMIT_LOC_STRINGS = YES;
				SWIFT_VERSION = 5.0;
				TARGETED_DEVICE_FAMILY = 1;
			};
			name = Debug;
		};
		771B18422C76A0A800AB9936 /* Release */ = {
			isa = XCBuildConfiguration;
			buildSettings = {
				ALWAYS_EMBED_SWIFT_STANDARD_LIBRARIES = YES;
				ASSETCATALOG_COMPILER_APPICON_NAME = AppIcon;
				ASSETCATALOG_COMPILER_GLOBAL_ACCENT_COLOR_NAME = AccentColor;
				CODE_SIGN_STYLE = Automatic;
				CURRENT_PROJECT_VERSION = 1;
				DEVELOPMENT_ASSET_PATHS = "\"CallSMSBlock/Preview Content\"";
				DEVELOPMENT_TEAM = NT29W92MQ3;
				ENABLE_PREVIEWS = YES;
				GENERATE_INFOPLIST_FILE = YES;
				INFOPLIST_FILE = CallSMSBlock/Info.plist;
				INFOPLIST_KEY_UIApplicationSceneManifest_Generation = YES;
				INFOPLIST_KEY_UIApplicationSupportsIndirectInputEvents = YES;
				INFOPLIST_KEY_UILaunchScreen_Generation = YES;
				INFOPLIST_KEY_UISupportedInterfaceOrientations_iPad = "UIInterfaceOrientationPortrait UIInterfaceOrientationPortraitUpsideDown UIInterfaceOrientationLandscapeLeft UIInterfaceOrientationLandscapeRight";
				INFOPLIST_KEY_UISupportedInterfaceOrientations_iPhone = "UIInterfaceOrientationPortrait UIInterfaceOrientationLandscapeLeft UIInterfaceOrientationLandscapeRight";
				IPHONEOS_DEPLOYMENT_TARGET = 15.6;
				LD_RUNPATH_SEARCH_PATHS = (
					"$(inherited)",
					"@executable_path/Frameworks",
				);
				MARKETING_VERSION = 1.0;
				PRODUCT_BUNDLE_IDENTIFIER = br.com.test.call.block.CallSMSBlock;
				PRODUCT_NAME = "$(TARGET_NAME)";
				SUPPORTED_PLATFORMS = "iphoneos iphonesimulator";
				SUPPORTS_MACCATALYST = NO;
				SWIFT_EMIT_LOC_STRINGS = YES;
				SWIFT_VERSION = 5.0;
				TARGETED_DEVICE_FAMILY = 1;
			};
			name = Release;
		};
		771B18442C76A0A800AB9936 /* Debug */ = {
			isa = XCBuildConfiguration;
			buildSettings = {
				ALWAYS_EMBED_SWIFT_STANDARD_LIBRARIES = YES;
				BUNDLE_LOADER = "$(TEST_HOST)";
				CODE_SIGN_STYLE = Automatic;
				CURRENT_PROJECT_VERSION = 1;
				DEVELOPMENT_TEAM = NT29W92MQ3;
				GENERATE_INFOPLIST_FILE = YES;
				IPHONEOS_DEPLOYMENT_TARGET = 15.6;
				MARKETING_VERSION = 1.0;
				PRODUCT_BUNDLE_IDENTIFIER = br.com.test.call.block.CallSMSBlockTests;
				PRODUCT_NAME = "$(TARGET_NAME)";
				SWIFT_EMIT_LOC_STRINGS = NO;
				SWIFT_VERSION = 5.0;
				TARGETED_DEVICE_FAMILY = "1,2";
				TEST_HOST = "$(BUILT_PRODUCTS_DIR)/CallSMSBlock.app/$(BUNDLE_EXECUTABLE_FOLDER_PATH)/CallSMSBlock";
			};
			name = Debug;
		};
		771B18452C76A0A800AB9936 /* Release */ = {
			isa = XCBuildConfiguration;
			buildSettings = {
				ALWAYS_EMBED_SWIFT_STANDARD_LIBRARIES = YES;
				BUNDLE_LOADER = "$(TEST_HOST)";
				CODE_SIGN_STYLE = Automatic;
				CURRENT_PROJECT_VERSION = 1;
				DEVELOPMENT_TEAM = NT29W92MQ3;
				GENERATE_INFOPLIST_FILE = YES;
				IPHONEOS_DEPLOYMENT_TARGET = 15.6;
				MARKETING_VERSION = 1.0;
				PRODUCT_BUNDLE_IDENTIFIER = br.com.test.call.block.CallSMSBlockTests;
				PRODUCT_NAME = "$(TARGET_NAME)";
				SWIFT_EMIT_LOC_STRINGS = NO;
				SWIFT_VERSION = 5.0;
				TARGETED_DEVICE_FAMILY = "1,2";
				TEST_HOST = "$(BUILT_PRODUCTS_DIR)/CallSMSBlock.app/$(BUNDLE_EXECUTABLE_FOLDER_PATH)/CallSMSBlock";
			};
			name = Release;
		};
		771B18472C76A0A800AB9936 /* Debug */ = {
			isa = XCBuildConfiguration;
			buildSettings = {
				ALWAYS_EMBED_SWIFT_STANDARD_LIBRARIES = YES;
				CODE_SIGN_STYLE = Automatic;
				CURRENT_PROJECT_VERSION = 1;
				DEVELOPMENT_TEAM = NT29W92MQ3;
				GENERATE_INFOPLIST_FILE = YES;
				IPHONEOS_DEPLOYMENT_TARGET = 15.6;
				MARKETING_VERSION = 1.0;
				PRODUCT_BUNDLE_IDENTIFIER = br.com.test.call.block.CallSMSBlockUITests;
				PRODUCT_NAME = "$(TARGET_NAME)";
				SWIFT_EMIT_LOC_STRINGS = NO;
				SWIFT_VERSION = 5.0;
				TARGETED_DEVICE_FAMILY = "1,2";
				TEST_TARGET_NAME = CallSMSBlock;
			};
			name = Debug;
		};
		771B18482C76A0A800AB9936 /* Release */ = {
			isa = XCBuildConfiguration;
			buildSettings = {
				ALWAYS_EMBED_SWIFT_STANDARD_LIBRARIES = YES;
				CODE_SIGN_STYLE = Automatic;
				CURRENT_PROJECT_VERSION = 1;
				DEVELOPMENT_TEAM = NT29W92MQ3;
				GENERATE_INFOPLIST_FILE = YES;
				IPHONEOS_DEPLOYMENT_TARGET = 15.6;
				MARKETING_VERSION = 1.0;
				PRODUCT_BUNDLE_IDENTIFIER = br.com.test.call.block.CallSMSBlockUITests;
				PRODUCT_NAME = "$(TARGET_NAME)";
				SWIFT_EMIT_LOC_STRINGS = NO;
				SWIFT_VERSION = 5.0;
				TARGETED_DEVICE_FAMILY = "1,2";
				TEST_TARGET_NAME = CallSMSBlock;
			};
			name = Release;
		};
		771B18562C76A16C00AB9936 /* Debug */ = {
			isa = XCBuildConfiguration;
			buildSettings = {
				ARCHS = "$(ARCHS_STANDARD_64_BIT)";
				CODE_SIGN_STYLE = Automatic;
				CURRENT_PROJECT_VERSION = 1;
				DEVELOPMENT_TEAM = NT29W92MQ3;
				GENERATE_INFOPLIST_FILE = YES;
				INFOPLIST_FILE = CallDirectory/Info.plist;
				INFOPLIST_KEY_CFBundleDisplayName = CallDirectory;
				INFOPLIST_KEY_NSHumanReadableCopyright = "";
				IPHONEOS_DEPLOYMENT_TARGET = 15.6;
				LD_RUNPATH_SEARCH_PATHS = (
					"$(inherited)",
					"@executable_path/Frameworks",
					"@executable_path/../../Frameworks",
				);
				MARKETING_VERSION = 1.0;
				PRODUCT_BUNDLE_IDENTIFIER = br.com.test.call.block.CallSMSBlock.CallDirectory;
				PRODUCT_NAME = "$(TARGET_NAME)";
				SKIP_INSTALL = YES;
				SWIFT_EMIT_LOC_STRINGS = YES;
				SWIFT_VERSION = 5.0;
				TARGETED_DEVICE_FAMILY = "1,2";
			};
			name = Debug;
		};
		771B18572C76A16C00AB9936 /* Release */ = {
			isa = XCBuildConfiguration;
			buildSettings = {
				ARCHS = "$(ARCHS_STANDARD_64_BIT)";
				CODE_SIGN_STYLE = Automatic;
				CURRENT_PROJECT_VERSION = 1;
				DEVELOPMENT_TEAM = NT29W92MQ3;
				GENERATE_INFOPLIST_FILE = YES;
				INFOPLIST_FILE = CallDirectory/Info.plist;
				INFOPLIST_KEY_CFBundleDisplayName = CallDirectory;
				INFOPLIST_KEY_NSHumanReadableCopyright = "";
				IPHONEOS_DEPLOYMENT_TARGET = 15.6;
				LD_RUNPATH_SEARCH_PATHS = (
					"$(inherited)",
					"@executable_path/Frameworks",
					"@executable_path/../../Frameworks",
				);
				MARKETING_VERSION = 1.0;
				PRODUCT_BUNDLE_IDENTIFIER = br.com.test.call.block.CallSMSBlock.CallDirectory;
				PRODUCT_NAME = "$(TARGET_NAME)";
				SKIP_INSTALL = YES;
				SWIFT_EMIT_LOC_STRINGS = YES;
				SWIFT_VERSION = 5.0;
				TARGETED_DEVICE_FAMILY = "1,2";
			};
			name = Release;
		};
/* End XCBuildConfiguration section */

/* Begin XCConfigurationList section */
		771B18172C76A0A700AB9936 /* Build configuration list for PBXProject "CallSMSBlock" */ = {
			isa = XCConfigurationList;
			buildConfigurations = (
				771B183E2C76A0A800AB9936 /* Debug */,
				771B183F2C76A0A800AB9936 /* Release */,
			);
			defaultConfigurationIsVisible = 0;
			defaultConfigurationName = Release;
		};
		771B18402C76A0A800AB9936 /* Build configuration list for PBXNativeTarget "CallSMSBlock" */ = {
			isa = XCConfigurationList;
			buildConfigurations = (
				771B18412C76A0A800AB9936 /* Debug */,
				771B18422C76A0A800AB9936 /* Release */,
			);
			defaultConfigurationIsVisible = 0;
			defaultConfigurationName = Release;
		};
		771B18432C76A0A800AB9936 /* Build configuration list for PBXNativeTarget "CallSMSBlockTests" */ = {
			isa = XCConfigurationList;
			buildConfigurations = (
				771B18442C76A0A800AB9936 /* Debug */,
				771B18452C76A0A800AB9936 /* Release */,
			);
			defaultConfigurationIsVisible = 0;
			defaultConfigurationName = Release;
		};
		771B18462C76A0A800AB9936 /* Build configuration list for PBXNativeTarget "CallSMSBlockUITests" */ = {
			isa = XCConfigurationList;
			buildConfigurations = (
				771B18472C76A0A800AB9936 /* Debug */,
				771B18482C76A0A800AB9936 /* Release */,
			);
			defaultConfigurationIsVisible = 0;
			defaultConfigurationName = Release;
		};
		771B18552C76A16C00AB9936 /* Build configuration list for PBXNativeTarget "CallDirectory" */ = {
			isa = XCConfigurationList;
			buildConfigurations = (
				771B18562C76A16C00AB9936 /* Debug */,
				771B18572C76A16C00AB9936 /* Release */,
			);
			defaultConfigurationIsVisible = 0;
			defaultConfigurationName = Release;
		};
/* End XCConfigurationList section */
	};
	rootObject = 771B18142C76A0A700AB9936 /* Project object */;
}
